<?xml version="1.0" encoding="utf-8"?>
<Project ToolsVersion="4.0" xmlns="http://schemas.microsoft.com/developer/msbuild/2003">
  <ItemGroup>
    <Filter Include="WONAuth">
      <UniqueIdentifier>{eb862ca1-7042-4812-b782-7ad5085b994d}</UniqueIdentifier>
    </Filter>
    <Filter Include="WONAuth\WONAuth Source">
      <UniqueIdentifier>{01d1693b-e4fd-441b-8ab4-81c4f056b7ba}</UniqueIdentifier>
    </Filter>
    <Filter Include="WONAuth\WONAuth Include">
      <UniqueIdentifier>{3f1ae741-5a06-4014-a8bb-7c51332c2e1d}</UniqueIdentifier>
    </Filter>
    <Filter Include="WONCommon">
      <UniqueIdentifier>{ad8883fa-fe75-4d4a-9682-0203735cae10}</UniqueIdentifier>
    </Filter>
    <Filter Include="WONCommon\WONCommon Source">
      <UniqueIdentifier>{4ebd9891-7a34-4a2f-aded-45cdeb1cc582}</UniqueIdentifier>
    </Filter>
    <Filter Include="WONCommon\WONCommon Include">
      <UniqueIdentifier>{7797b33d-e21e-44cb-8a89-3cd44f7c340d}</UniqueIdentifier>
    </Filter>
    <Filter Include="WONConfig">
      <UniqueIdentifier>{0fb1dc39-2254-47e0-8703-3a40e5701937}</UniqueIdentifier>
    </Filter>
    <Filter Include="WONConfig\WONConfig Source">
      <UniqueIdentifier>{ac2d34c6-b59d-45da-84a3-84dd643aa9b5}</UniqueIdentifier>
    </Filter>
    <Filter Include="WONConfig\WONConfig Include">
      <UniqueIdentifier>{c19d5072-2960-44b1-af37-6881328e4593}</UniqueIdentifier>
    </Filter>
    <Filter Include="WONCrypt">
      <UniqueIdentifier>{eb492c9c-50ee-46b0-b8f9-7b67f0a23728}</UniqueIdentifier>
    </Filter>
    <Filter Include="WONCrypt\WONCrypt Source">
      <UniqueIdentifier>{881d194b-7c3f-428c-ae44-f55d8050095d}</UniqueIdentifier>
    </Filter>
    <Filter Include="WONCrypt\WONCrypt Include">
      <UniqueIdentifier>{fd50e316-4451-4f39-8181-9bea0530d754}</UniqueIdentifier>
    </Filter>
    <Filter Include="WONDB">
      <UniqueIdentifier>{c88b0b0c-08e6-4271-85ea-26de9c2c5de0}</UniqueIdentifier>
    </Filter>
    <Filter Include="WONDB\WONDB Source">
      <UniqueIdentifier>{00ebbaee-4183-4490-8d84-25dc77bb5ef6}</UniqueIdentifier>
    </Filter>
    <Filter Include="WONDB\WONDB Include">
      <UniqueIdentifier>{527efbdf-36a5-41f8-be71-8d2c9bb1311e}</UniqueIdentifier>
    </Filter>
    <Filter Include="WONDir">
      <UniqueIdentifier>{56799dfe-b050-4dbf-8a5f-d1f814ce8a33}</UniqueIdentifier>
    </Filter>
    <Filter Include="WONDir\WONDir Source">
      <UniqueIdentifier>{b1e0480e-9ac5-4419-81ec-138ede765f9d}</UniqueIdentifier>
    </Filter>
    <Filter Include="WONDir\WONDir Include">
      <UniqueIdentifier>{b57e0882-e974-4146-b62e-bcdac726c9b9}</UniqueIdentifier>
    </Filter>
    <Filter Include="WONMisc">
      <UniqueIdentifier>{bcafd913-a8a1-4225-8e74-9208de9edc1d}</UniqueIdentifier>
    </Filter>
    <Filter Include="WONMisc\WONMisc Source">
      <UniqueIdentifier>{236a7fa3-774d-4684-8e93-4c80ee032934}</UniqueIdentifier>
    </Filter>
    <Filter Include="WONMisc\WONMisc Include">
      <UniqueIdentifier>{cb920e55-b6a3-4ca3-910d-3513b3e4a893}</UniqueIdentifier>
    </Filter>
    <Filter Include="WONRouting">
      <UniqueIdentifier>{a64aa0b3-778c-40d0-861f-bcf5c441521b}</UniqueIdentifier>
    </Filter>
    <Filter Include="WONRouting\RS Administrative">
      <UniqueIdentifier>{68564a16-0c66-40d5-b1b3-de5f6ab30774}</UniqueIdentifier>
    </Filter>
    <Filter Include="WONRouting\RS Administrative\RS Administrative Source">
      <UniqueIdentifier>{73f8ce66-cabb-4053-8095-23ad26d41339}</UniqueIdentifier>
    </Filter>
    <Filter Include="WONRouting\RS Administrative\RS Administrative Include">
      <UniqueIdentifier>{1f0a3204-2b4c-4bc3-8fb8-75742a0d0e43}</UniqueIdentifier>
    </Filter>
    <Filter Include="WONRouting\RS Client">
      <UniqueIdentifier>{2dc82fbe-8bff-452e-9900-30368a941237}</UniqueIdentifier>
    </Filter>
    <Filter Include="WONRouting\RS Client\RS Client Source">
      <UniqueIdentifier>{7bf2741f-b6d6-4b05-97af-05635786a691}</UniqueIdentifier>
    </Filter>
    <Filter Include="WONRouting\RS Client\RS Client Include">
      <UniqueIdentifier>{568e6640-40e8-46ef-b570-2e50d44f2c5a}</UniqueIdentifier>
    </Filter>
    <Filter Include="WONRouting\RS DataObject">
      <UniqueIdentifier>{a108defc-65c9-4e25-9d4c-aa932f28c351}</UniqueIdentifier>
    </Filter>
    <Filter Include="WONRouting\RS DataObject\RS DataObject Source">
      <UniqueIdentifier>{c65e0019-5cf9-455a-bdf6-fb35a99adcf5}</UniqueIdentifier>
    </Filter>
    <Filter Include="WONRouting\RS DataObject\RS DataObject Include">
      <UniqueIdentifier>{c7dae6c8-d376-421a-94ea-d8d92f9e732b}</UniqueIdentifier>
    </Filter>
    <Filter Include="WONRouting\RS Group">
      <UniqueIdentifier>{07dd45a8-9fb6-46d6-a93d-8052b65c2571}</UniqueIdentifier>
    </Filter>
    <Filter Include="WONRouting\RS Group\RS Group Source">
      <UniqueIdentifier>{b81f60f6-1e7b-4dce-9d15-5eb5ef89ee25}</UniqueIdentifier>
    </Filter>
    <Filter Include="WONRouting\RS Group\RS Group Include">
      <UniqueIdentifier>{bd224995-d5da-482a-93e9-836967362830}</UniqueIdentifier>
    </Filter>
    <Filter Include="WONServer">
      <UniqueIdentifier>{50a21983-1b52-4515-a018-0dd1172f3edf}</UniqueIdentifier>
    </Filter>
    <Filter Include="WONServer\WONServer Source">
      <UniqueIdentifier>{ae68ab37-06fd-4645-a853-0c090e7e9e2d}</UniqueIdentifier>
    </Filter>
    <Filter Include="WONServer\WONServer Include">
      <UniqueIdentifier>{b5682ca8-2b27-4457-9bcc-0912affddda0}</UniqueIdentifier>
    </Filter>
    <Filter Include="WONSocket">
      <UniqueIdentifier>{a8ed9976-9a0a-4e3f-ac72-b98fdd8cbd03}</UniqueIdentifier>
    </Filter>
    <Filter Include="WONSocket\WONSocket Source">
      <UniqueIdentifier>{2c50aed8-eb69-4875-895c-73b2d15b09b4}</UniqueIdentifier>
    </Filter>
    <Filter Include="WONSocket\WONSocket Include">
      <UniqueIdentifier>{e867dd4f-643c-428e-acbe-3046f59a44a6}</UniqueIdentifier>
    </Filter>
  </ItemGroup>
  <ItemGroup>
    <ClCompile Include="WONAuth\Auth.cpp">
      <Filter>WONAuth\WONAuth Source</Filter>
    </ClCompile>
    <ClCompile Include="WONAuth\Auth2Certificate.cpp">
      <Filter>WONAuth\WONAuth Source</Filter>
    </ClCompile>
    <ClCompile Include="WONAuth\AuthBase.cpp">
      <Filter>WONAuth\WONAuth Source</Filter>
    </ClCompile>
    <ClCompile Include="WONAuth\AuthCertificate.cpp">
      <Filter>WONAuth\WONAuth Source</Filter>
    </ClCompile>
    <ClCompile Include="WONAuth\AuthContext.cpp">
      <Filter>WONAuth\WONAuth Source</Filter>
    </ClCompile>
    <ClCompile Include="WONAuth\AuthPeerData.cpp">
      <Filter>WONAuth\WONAuth Source</Filter>
    </ClCompile>
    <ClCompile Include="WONAuth\AuthPubKeyBlock.cpp">
      <Filter>WONAuth\WONAuth Source</Filter>
    </ClCompile>
    <ClCompile Include="WONAuth\AuthSession.cpp">
      <Filter>WONAuth\WONAuth Source</Filter>
    </ClCompile>
    <ClCompile Include="WONAuth\CDKey.cpp">
      <Filter>WONAuth\WONAuth Source</Filter>
    </ClCompile>
    <ClCompile Include="WONAuth\GetCertOp.cpp">
      <Filter>WONAuth\WONAuth Source</Filter>
    </ClCompile>
    <ClCompile Include="WONAuth\PeerAuthClient.cpp">
      <Filter>WONAuth\WONAuth Source</Filter>
    </ClCompile>
    <ClCompile Include="WONAuth\PeerAuthOp.cpp">
      <Filter>WONAuth\WONAuth Source</Filter>
    </ClCompile>
    <ClCompile Include="WONAuth\PeerAuthServer.cpp">
      <Filter>WONAuth\WONAuth Source</Filter>
    </ClCompile>
    <ClCompile Include="WONAuth\PeerAuthServerOp.cpp">
      <Filter>WONAuth\WONAuth Source</Filter>
    </ClCompile>
    <ClCompile Include="WONAuth\SPAuthCheck.cpp">
      <Filter>WONAuth\WONAuth Source</Filter>
    </ClCompile>
    <ClCompile Include="WONCommon\AsyncOp.cpp">
      <Filter>WONCommon\WONCommon Source</Filter>
    </ClCompile>
    <ClCompile Include="WONCommon\AsyncOpContainer.cpp">
      <Filter>WONCommon\WONCommon Source</Filter>
    </ClCompile>
    <ClCompile Include="WONCommon\AsyncOpTracker.cpp">
      <Filter>WONCommon\WONCommon Source</Filter>
    </ClCompile>
    <ClCompile Include="WONCommon\ByteBuffer.cpp">
      <Filter>WONCommon\WONCommon Source</Filter>
    </ClCompile>
    <ClCompile Include="WONCommon\Common.cpp">
      <Filter>WONCommon\WONCommon Source</Filter>
    </ClCompile>
    <ClCompile Include="WONCommon\CommonSmall.cpp">
      <Filter>WONCommon\WONCommon Source</Filter>
    </ClCompile>
    <ClCompile Include="WONCommon\CRC.cpp">
      <Filter>WONCommon\WONCommon Source</Filter>
    </ClCompile>
    <ClCompile Include="WONCommon\CriticalSection_Windows.cpp">
      <Filter>WONCommon\WONCommon Source</Filter>
    </ClCompile>
    <ClCompile Include="WONCommon\Event.cpp">
      <Filter>WONCommon\WONCommon Source</Filter>
    </ClCompile>
    <ClCompile Include="WONCommon\Event_Linux.cpp">
      <Filter>WONCommon\WONCommon Source</Filter>
    </ClCompile>
    <ClCompile Include="WONCommon\Event_Mac.cpp">
      <Filter>WONCommon\WONCommon Source</Filter>
    </ClCompile>
    <ClCompile Include="WONCommon\Event_Windows.cpp">
      <Filter>WONCommon\WONCommon Source</Filter>
    </ClCompile>
    <ClCompile Include="WONCommon\FileReader.cpp">
      <Filter>WONCommon\WONCommon Source</Filter>
    </ClCompile>
    <ClCompile Include="WONCommon\FileWriter.cpp">
      <Filter>WONCommon\WONCommon Source</Filter>
    </ClCompile>
    <ClCompile Include="WONCommon\Md5.cpp">
      <Filter>WONCommon\WONCommon Source</Filter>
    </ClCompile>
    <ClCompile Include="WONCommon\MiscUtil.cpp">
      <Filter>WONCommon\WONCommon Source</Filter>
    </ClCompile>
    <ClCompile Include="WONCommon\PerfTimer.cpp">
      <Filter>WONCommon\WONCommon Source</Filter>
    </ClCompile>
    <ClCompile Include="WONCommon\Platform.cpp">
      <Filter>WONCommon\WONCommon Source</Filter>
    </ClCompile>
    <ClCompile Include="WONCommon\Platform_Linux.cpp">
      <Filter>WONCommon\WONCommon Source</Filter>
    </ClCompile>
    <ClCompile Include="WONCommon\Platform_Mac.cpp">
      <Filter>WONCommon\WONCommon Source</Filter>
    </ClCompile>
    <ClCompile Include="WONCommon\Platform_Windows.cpp">
      <Filter>WONCommon\WONCommon Source</Filter>
    </ClCompile>
    <ClCompile Include="WONCommon\ReadBuffer.cpp">
      <Filter>WONCommon\WONCommon Source</Filter>
    </ClCompile>
    <ClCompile Include="WONCommon\RegKey.cpp">
      <Filter>WONCommon\WONCommon Source</Filter>
    </ClCompile>
    <ClCompile Include="WONCommon\RegKey_Windows.cpp">
      <Filter>WONCommon\WONCommon Source</Filter>
    </ClCompile>
    <ClCompile Include="WONCommon\StringParser.cpp">
      <Filter>WONCommon\WONCommon Source</Filter>
    </ClCompile>
    <ClCompile Include="WONCommon\StringUtil.cpp">
      <Filter>WONCommon\WONCommon Source</Filter>
    </ClCompile>
    <ClCompile Include="WONCommon\Thread.cpp">
      <Filter>WONCommon\WONCommon Source</Filter>
    </ClCompile>
    <ClCompile Include="WONCommon\Thread_Windows.cpp">
      <Filter>WONCommon\WONCommon Source</Filter>
    </ClCompile>
    <ClCompile Include="WONCommon\TimerThread.cpp">
      <Filter>WONCommon\WONCommon Source</Filter>
    </ClCompile>
    <ClCompile Include="WONCommon\WONBigFile.cpp">
      <Filter>WONCommon\WONCommon Source</Filter>
    </ClCompile>
    <ClCompile Include="WONCommon\WONConsole.cpp">
      <Filter>WONCommon\WONCommon Source</Filter>
    </ClCompile>
    <ClCompile Include="WONCommon\WONDebug.cpp">
      <Filter>WONCommon\WONCommon Source</Filter>
    </ClCompile>
    <ClCompile Include="WONCommon\WONFile.cpp">
      <Filter>WONCommon\WONCommon Source</Filter>
    </ClCompile>
    <ClCompile Include="WONCommon\WriteBuffer.cpp">
      <Filter>WONCommon\WONCommon Source</Filter>
    </ClCompile>
    <ClCompile Include="WONConfig\Config.cpp">
      <Filter>WONConfig\WONConfig Source</Filter>
    </ClCompile>
    <ClCompile Include="WONConfig\ConfigObject.cpp">
      <Filter>WONConfig\WONConfig Source</Filter>
    </ClCompile>
    <ClCompile Include="WONConfig\ConfigParser.cpp">
      <Filter>WONConfig\WONConfig Source</Filter>
    </ClCompile>
    <ClCompile Include="WONConfig\ConfigValue.cpp">
      <Filter>WONConfig\WONConfig Source</Filter>
    </ClCompile>
    <ClCompile Include="WONCrypt\BigInteger.cpp">
      <Filter>WONCrypt\WONCrypt Source</Filter>
    </ClCompile>
    <ClCompile Include="WONCrypt\Blowfish.cpp">
      <Filter>WONCrypt\WONCrypt Source</Filter>
    </ClCompile>
    <ClCompile Include="WONCrypt\Crypt.cpp">
      <Filter>WONCrypt\WONCrypt Source</Filter>
    </ClCompile>
    <ClCompile Include="WONCrypt\ElGamal.cpp">
      <Filter>WONCrypt\WONCrypt Source</Filter>
    </ClCompile>
    <ClCompile Include="WONCrypt\MD5Digest.cpp">
      <Filter>WONCrypt\WONCrypt Source</Filter>
    </ClCompile>
    <ClCompile Include="WONCrypt\Random.cpp">
      <Filter>WONCrypt\WONCrypt Source</Filter>
    </ClCompile>
    <ClCompile Include="WONDB\ContestCallOp.cpp">
      <Filter>WONDB\WONDB Source</Filter>
    </ClCompile>
    <ClCompile Include="WONDB\CreateAccountOp.cpp">
      <Filter>WONDB\WONDB Source</Filter>
    </ClCompile>
    <ClCompile Include="WONDB\DB.cpp">
      <Filter>WONDB\WONDB Source</Filter>
    </ClCompile>
    <ClCompile Include="WONDB\DBProxyOp.cpp">
      <Filter>WONDB\WONDB Source</Filter>
    </ClCompile>
    <ClCompile Include="WONDB\EventReportOp.cpp">
      <Filter>WONDB\WONDB Source</Filter>
    </ClCompile>
    <ClCompile Include="WONDB\GetAccountOp.cpp">
      <Filter>WONDB\WONDB Source</Filter>
    </ClCompile>
    <ClCompile Include="WONDB\GetProfileOp.cpp">
      <Filter>WONDB\WONDB Source</Filter>
    </ClCompile>
    <ClCompile Include="WONDB\GetUserIdFromNameOp.cpp">
      <Filter>WONDB\WONDB Source</Filter>
    </ClCompile>
    <ClCompile Include="WONDB\ProfileData.cpp">
      <Filter>WONDB\WONDB Source</Filter>
    </ClCompile>
    <ClCompile Include="WONDB\RequestAccountInfoEmailOp.cpp">
      <Filter>WONDB\WONDB Source</Filter>
    </ClCompile>
    <ClCompile Include="WONDB\RequestPasswordEmailOp.cpp">
      <Filter>WONDB\WONDB Source</Filter>
    </ClCompile>
    <ClCompile Include="WONDB\SetProfileOp.cpp">
      <Filter>WONDB\WONDB Source</Filter>
    </ClCompile>
    <ClCompile Include="WONDB\UpdateAccountOp.cpp">
      <Filter>WONDB\WONDB Source</Filter>
    </ClCompile>
    <ClCompile Include="WONDir\AddEntityOp.cpp">
      <Filter>WONDir\WONDir Source</Filter>
    </ClCompile>
    <ClCompile Include="WONDir\Dir.cpp">
      <Filter>WONDir\WONDir Source</Filter>
    </ClCompile>
    <ClCompile Include="WONDir\DirEntity.cpp">
      <Filter>WONDir\WONDir Source</Filter>
    </ClCompile>
    <ClCompile Include="WONDir\DirEntityReplyParser.cpp">
      <Filter>WONDir\WONDir Source</Filter>
    </ClCompile>
    <ClCompile Include="WONDir\EntityClearDataObjectsOp.cpp">
      <Filter>WONDir\WONDir Source</Filter>
    </ClCompile>
    <ClCompile Include="WONDir\EntityModifyDataObjectsOp.cpp">
      <Filter>WONDir\WONDir Source</Filter>
    </ClCompile>
    <ClCompile Include="WONDir\EntitySetDataObjectsOp.cpp">
      <Filter>WONDir\WONDir Source</Filter>
    </ClCompile>
    <ClCompile Include="WONDir\FindEntityOp.cpp">
      <Filter>WONDir\WONDir Source</Filter>
    </ClCompile>
    <ClCompile Include="WONDir\GetAliasDirOp.cpp">
      <Filter>WONDir\WONDir Source</Filter>
    </ClCompile>
    <ClCompile Include="WONDir\GetDirOp.cpp">
      <Filter>WONDir\WONDir Source</Filter>
    </ClCompile>
    <ClCompile Include="WONDir\GetEntityRequest.cpp">
      <Filter>WONDir\WONDir Source</Filter>
    </ClCompile>
    <ClCompile Include="WONDir\GetMultiDirOp.cpp">
      <Filter>WONDir\WONDir Source</Filter>
    </ClCompile>
    <ClCompile Include="WONDir\GetServiceOp.cpp">
      <Filter>WONDir\WONDir Source</Filter>
    </ClCompile>
    <ClCompile Include="WONDir\ModifyEntityOp.cpp">
      <Filter>WONDir\WONDir Source</Filter>
    </ClCompile>
    <ClCompile Include="WONDir\RemoveEntityOp.cpp">
      <Filter>WONDir\WONDir Source</Filter>
    </ClCompile>
    <ClCompile Include="WONDir\RenameEntityOp.cpp">
      <Filter>WONDir\WONDir Source</Filter>
    </ClCompile>
    <ClCompile Include="WONDir\RenewEntityOp.cpp">
      <Filter>WONDir\WONDir Source</Filter>
    </ClCompile>
    <ClCompile Include="WONMisc\CheckValidVersionOp.cpp">
      <Filter>WONMisc\WONMisc Source</Filter>
    </ClCompile>
    <ClCompile Include="WONMisc\DetectFirewallOp.cpp">
      <Filter>WONMisc\WONMisc Source</Filter>
    </ClCompile>
    <ClCompile Include="WONMisc\DNSTestOp.cpp">
      <Filter>WONMisc\WONMisc Source</Filter>
    </ClCompile>
    <ClCompile Include="WONMisc\FTPGetOp.cpp">
      <Filter>WONMisc\WONMisc Source</Filter>
    </ClCompile>
    <ClCompile Include="WONMisc\GameSpySupport.cpp">
      <Filter>WONMisc\WONMisc Source</Filter>
    </ClCompile>
    <ClCompile Include="WONMisc\GetHTTPDocumentOp.cpp">
      <Filter>WONMisc\WONMisc Source</Filter>
    </ClCompile>
    <ClCompile Include="WONMisc\GetMOTDOp.cpp">
      <Filter>WONMisc\WONMisc Source</Filter>
    </ClCompile>
    <ClCompile Include="WONMisc\GetPatchListOp.cpp">
      <Filter>WONMisc\WONMisc Source</Filter>
    </ClCompile>
    <ClCompile Include="WONMisc\gqueryreporting.c">
      <Filter>WONMisc\WONMisc Source</Filter>
    </ClCompile>
    <ClCompile Include="WONMisc\HTTPCache.cpp">
      <Filter>WONMisc\WONMisc Source</Filter>
    </ClCompile>
    <ClCompile Include="WONMisc\HTTPEngine.cpp">
      <Filter>WONMisc\WONMisc Source</Filter>
    </ClCompile>
    <ClCompile Include="WONMisc\HTTPGetOp.cpp">
      <Filter>WONMisc\WONMisc Source</Filter>
    </ClCompile>
    <ClCompile Include="WONMisc\MediaMetrix.cpp">
      <Filter>WONMisc\WONMisc Source</Filter>
    </ClCompile>
    <ClCompile Include="WONMisc\Misc.cpp">
      <Filter>WONMisc\WONMisc Source</Filter>
    </ClCompile>
    <ClCompile Include="WONMisc\nonport.c">
      <Filter>WONMisc\WONMisc Source</Filter>
    </ClCompile>
    <ClCompile Include="WONMisc\PatchTypes.cpp">
      <Filter>WONMisc\WONMisc Source</Filter>
    </ClCompile>
    <ClCompile Include="WONMisc\PingManager.cpp">
      <Filter>WONMisc\WONMisc Source</Filter>
    </ClCompile>
    <ClCompile Include="WONMisc\ReportPatchStatusOp.cpp">
      <Filter>WONMisc\WONMisc Source</Filter>
    </ClCompile>
    <ClCompile Include="WONMisc\URL.cpp">
      <Filter>WONMisc\WONMisc Source</Filter>
    </ClCompile>
    <ClCompile Include="WONRouting\Routing.cpp">
      <Filter>WONRouting</Filter>
    </ClCompile>
    <ClCompile Include="WONRouting\RoutingConnection.cpp">
      <Filter>WONRouting</Filter>
    </ClCompile>
    <ClCompile Include="WONRouting\RoutingDerivedServerOp.cpp">
      <Filter>WONRouting</Filter>
    </ClCompile>
    <ClCompile Include="WONRouting\RoutingOp.cpp">
      <Filter>WONRouting</Filter>
    </ClCompile>
    <ClCompile Include="WONRouting\SmartRoutingConnection.cpp">
      <Filter>WONRouting</Filter>
    </ClCompile>
    <ClCompile Include="WONRouting\RoutingAbortServShutdownOp.cpp">
      <Filter>WONRouting\RS Administrative\RS Administrative Source</Filter>
    </ClCompile>
    <ClCompile Include="WONRouting\RoutingBanClientOp.cpp">
      <Filter>WONRouting\RS Administrative\RS Administrative Source</Filter>
    </ClCompile>
    <ClCompile Include="WONRouting\RoutingBecomeModeratorOp.cpp">
      <Filter>WONRouting\RS Administrative\RS Administrative Source</Filter>
    </ClCompile>
    <ClCompile Include="WONRouting\RoutingGetBadUserListOp.cpp">
      <Filter>WONRouting\RS Administrative\RS Administrative Source</Filter>
    </ClCompile>
    <ClCompile Include="WONRouting\RoutingMuteClientOp.cpp">
      <Filter>WONRouting\RS Administrative\RS Administrative Source</Filter>
    </ClCompile>
    <ClCompile Include="WONRouting\RoutingSendServerAlertOp.cpp">
      <Filter>WONRouting\RS Administrative\RS Administrative Source</Filter>
    </ClCompile>
    <ClCompile Include="WONRouting\RoutingServerAlertOp.cpp">
      <Filter>WONRouting\RS Administrative\RS Administrative Source</Filter>
    </ClCompile>
    <ClCompile Include="WONRouting\RoutingServShutdownAbortOp.cpp">
      <Filter>WONRouting\RS Administrative\RS Administrative Source</Filter>
    </ClCompile>
    <ClCompile Include="WONRouting\RoutingServShutdownStartOp.cpp">
      <Filter>WONRouting\RS Administrative\RS Administrative Source</Filter>
    </ClCompile>
    <ClCompile Include="WONRouting\RoutingStartServShutdownOp.cpp">
      <Filter>WONRouting\RS Administrative\RS Administrative Source</Filter>
    </ClCompile>
    <ClCompile Include="WONRouting\RoutingYouWereBannedOp.cpp">
      <Filter>WONRouting\RS Administrative\RS Administrative Source</Filter>
    </ClCompile>
    <ClCompile Include="WONRouting\RoutingYouWereMutedOp.cpp">
      <Filter>WONRouting\RS Administrative\RS Administrative Source</Filter>
    </ClCompile>
    <ClCompile Include="WONRouting\RoutingClientFlagsChangedOp.cpp">
      <Filter>WONRouting\RS Client\RS Client Source</Filter>
    </ClCompile>
    <ClCompile Include="WONRouting\RoutingClientJoinedServerOp.cpp">
      <Filter>WONRouting\RS Client\RS Client Source</Filter>
    </ClCompile>
    <ClCompile Include="WONRouting\RoutingClientLeftServerOp.cpp">
      <Filter>WONRouting\RS Client\RS Client Source</Filter>
    </ClCompile>
    <ClCompile Include="WONRouting\RoutingDetectFirewallOp.cpp">
      <Filter>WONRouting\RS Client\RS Client Source</Filter>
    </ClCompile>
    <ClCompile Include="WONRouting\RoutingDisconnectClientOp.cpp">
      <Filter>WONRouting\RS Client\RS Client Source</Filter>
    </ClCompile>
    <ClCompile Include="WONRouting\RoutingGetClientListOp.cpp">
      <Filter>WONRouting\RS Client\RS Client Source</Filter>
    </ClCompile>
    <ClCompile Include="WONRouting\RoutingGetUserStatusOp.cpp">
      <Filter>WONRouting\RS Client\RS Client Source</Filter>
    </ClCompile>
    <ClCompile Include="WONRouting\RoutingPeerChatOp.cpp">
      <Filter>WONRouting\RS Client\RS Client Source</Filter>
    </ClCompile>
    <ClCompile Include="WONRouting\RoutingPeerDataOp.cpp">
      <Filter>WONRouting\RS Client\RS Client Source</Filter>
    </ClCompile>
    <ClCompile Include="WONRouting\RoutingRegisterClientOp.cpp">
      <Filter>WONRouting\RS Client\RS Client Source</Filter>
    </ClCompile>
    <ClCompile Include="WONRouting\RoutingSendChatOp.cpp">
      <Filter>WONRouting\RS Client\RS Client Source</Filter>
    </ClCompile>
    <ClCompile Include="WONRouting\RoutingSendComplaintOp.cpp">
      <Filter>WONRouting\RS Client\RS Client Source</Filter>
    </ClCompile>
    <ClCompile Include="WONRouting\RoutingSendDataOp.cpp">
      <Filter>WONRouting\RS Client\RS Client Source</Filter>
    </ClCompile>
    <ClCompile Include="WONRouting\RoutingSetClientFlagsOp.cpp">
      <Filter>WONRouting\RS Client\RS Client Source</Filter>
    </ClCompile>
    <ClCompile Include="WONRouting\RoutingCreateDataObjectOp.cpp">
      <Filter>WONRouting\RS DataObject\RS DataObject Source</Filter>
    </ClCompile>
    <ClCompile Include="WONRouting\RoutingDataObjectCreatedOp.cpp">
      <Filter>WONRouting\RS DataObject\RS DataObject Source</Filter>
    </ClCompile>
    <ClCompile Include="WONRouting\RoutingDataObjectDeletedOp.cpp">
      <Filter>WONRouting\RS DataObject\RS DataObject Source</Filter>
    </ClCompile>
    <ClCompile Include="WONRouting\RoutingDataObjectModifiedOp.cpp">
      <Filter>WONRouting\RS DataObject\RS DataObject Source</Filter>
    </ClCompile>
    <ClCompile Include="WONRouting\RoutingDeleteDataObjectOp.cpp">
      <Filter>WONRouting\RS DataObject\RS DataObject Source</Filter>
    </ClCompile>
    <ClCompile Include="WONRouting\RoutingModifyDataObjectOp.cpp">
      <Filter>WONRouting\RS DataObject\RS DataObject Source</Filter>
    </ClCompile>
    <ClCompile Include="WONRouting\RoutingReadDataObjectOp.cpp">
      <Filter>WONRouting\RS DataObject\RS DataObject Source</Filter>
    </ClCompile>
    <ClCompile Include="WONRouting\RoutingUnsubDataObjectOp.cpp">
      <Filter>WONRouting\RS DataObject\RS DataObject Source</Filter>
    </ClCompile>
    <ClCompile Include="WONRouting\RoutingAcceptClientOp.cpp">
      <Filter>WONRouting\RS Group\RS Group Source</Filter>
    </ClCompile>
    <ClCompile Include="WONRouting\RoutingCancelJoinGroupOp.cpp">
      <Filter>WONRouting\RS Group\RS Group Source</Filter>
    </ClCompile>
    <ClCompile Include="WONRouting\RoutingClientJoinedGroupOp.cpp">
      <Filter>WONRouting\RS Group\RS Group Source</Filter>
    </ClCompile>
    <ClCompile Include="WONRouting\RoutingClientLeftGroupOp.cpp">
      <Filter>WONRouting\RS Group\RS Group Source</Filter>
    </ClCompile>
    <ClCompile Include="WONRouting\RoutingCreateGroupOp.cpp">
      <Filter>WONRouting\RS Group\RS Group Source</Filter>
    </ClCompile>
    <ClCompile Include="WONRouting\RoutingGetGroupListOp.cpp">
      <Filter>WONRouting\RS Group\RS Group Source</Filter>
    </ClCompile>
    <ClCompile Include="WONRouting\RoutingGetGroupListReqOp.cpp">
      <Filter>WONRouting\RS Group\RS Group Source</Filter>
    </ClCompile>
    <ClCompile Include="WONRouting\RoutingGetMembersOfGroupOp.cpp">
      <Filter>WONRouting\RS Group\RS Group Source</Filter>
    </ClCompile>
    <ClCompile Include="WONRouting\RoutingGroupCaptChangedOp.cpp">
      <Filter>WONRouting\RS Group\RS Group Source</Filter>
    </ClCompile>
    <ClCompile Include="WONRouting\RoutingGroupCreatedOp.cpp">
      <Filter>WONRouting\RS Group\RS Group Source</Filter>
    </ClCompile>
    <ClCompile Include="WONRouting\RoutingGroupDeletedOp.cpp">
      <Filter>WONRouting\RS Group\RS Group Source</Filter>
    </ClCompile>
    <ClCompile Include="WONRouting\RoutingGroupFlagsChangedOp.cpp">
      <Filter>WONRouting\RS Group\RS Group Source</Filter>
    </ClCompile>
    <ClCompile Include="WONRouting\RoutingGroupInvitationOp.cpp">
      <Filter>WONRouting\RS Group\RS Group Source</Filter>
    </ClCompile>
    <ClCompile Include="WONRouting\RoutingGroupJoinAttemptOp.cpp">
      <Filter>WONRouting\RS Group\RS Group Source</Filter>
    </ClCompile>
    <ClCompile Include="WONRouting\RoutingGroupMPlyrsChangedOp.cpp">
      <Filter>WONRouting\RS Group\RS Group Source</Filter>
    </ClCompile>
    <ClCompile Include="WONRouting\RoutingGroupNameChangedOp.cpp">
      <Filter>WONRouting\RS Group\RS Group Source</Filter>
    </ClCompile>
    <ClCompile Include="WONRouting\RoutingGroupObserverCountOp.cpp">
      <Filter>WONRouting\RS Group\RS Group Source</Filter>
    </ClCompile>
    <ClCompile Include="WONRouting\RoutingInviteClientOp.cpp">
      <Filter>WONRouting\RS Group\RS Group Source</Filter>
    </ClCompile>
    <ClCompile Include="WONRouting\RoutingJoinGroupOp.cpp">
      <Filter>WONRouting\RS Group\RS Group Source</Filter>
    </ClCompile>
    <ClCompile Include="WONRouting\RoutingLeaveGroupOp.cpp">
      <Filter>WONRouting\RS Group\RS Group Source</Filter>
    </ClCompile>
    <ClCompile Include="WONRouting\RoutingMemberFlagsChangedOp.cpp">
      <Filter>WONRouting\RS Group\RS Group Source</Filter>
    </ClCompile>
    <ClCompile Include="WONRouting\RoutingRelinquishCaptainOp.cpp">
      <Filter>WONRouting\RS Group\RS Group Source</Filter>
    </ClCompile>
    <ClCompile Include="WONRouting\RoutingSetGroupFlagsOp.cpp">
      <Filter>WONRouting\RS Group\RS Group Source</Filter>
    </ClCompile>
    <ClCompile Include="WONRouting\RoutingSetGroupMaxPlayersOp.cpp">
      <Filter>WONRouting\RS Group\RS Group Source</Filter>
    </ClCompile>
    <ClCompile Include="WONRouting\RoutingSetGroupNameOp.cpp">
      <Filter>WONRouting\RS Group\RS Group Source</Filter>
    </ClCompile>
    <ClCompile Include="WONRouting\RoutingSetGroupPasswordOp.cpp">
      <Filter>WONRouting\RS Group\RS Group Source</Filter>
    </ClCompile>
    <ClCompile Include="WONServer\MultiPingOp.cpp">
      <Filter>WONServer\WONServer Source</Filter>
    </ClCompile>
    <ClCompile Include="WONServer\PingOp.cpp">
      <Filter>WONServer\WONServer Source</Filter>
    </ClCompile>
    <ClCompile Include="WONServer\Server.cpp">
      <Filter>WONServer\WONServer Source</Filter>
    </ClCompile>
    <ClCompile Include="WONServer\ServerConnection.cpp">
      <Filter>WONServer\WONServer Source</Filter>
    </ClCompile>
    <ClCompile Include="WONServer\ServerContext.cpp">
      <Filter>WONServer\WONServer Source</Filter>
    </ClCompile>
    <ClCompile Include="WONServer\ServerOp.cpp">
      <Filter>WONServer\WONServer Source</Filter>
    </ClCompile>
    <ClCompile Include="WONServer\ServerRequestOp.cpp">
      <Filter>WONServer\WONServer Source</Filter>
    </ClCompile>
    <ClCompile Include="WONSocket\AcceptOp.cpp">
      <Filter>WONSocket\WONSocket Source</Filter>
    </ClCompile>
    <ClCompile Include="WONSocket\AsyncSocket.cpp">
      <Filter>WONSocket\WONSocket Source</Filter>
    </ClCompile>
    <ClCompile Include="WONSocket\BlockingSocket.cpp">
      <Filter>WONSocket\WONSocket Source</Filter>
    </ClCompile>
    <ClCompile Include="WONSocket\CloseOp.cpp">
      <Filter>WONSocket\WONSocket Source</Filter>
    </ClCompile>
    <ClCompile Include="WONSocket\ConnectOp.cpp">
      <Filter>WONSocket\WONSocket Source</Filter>
    </ClCompile>
    <ClCompile Include="WONSocket\IPAddr.cpp">
      <Filter>WONSocket\WONSocket Source</Filter>
    </ClCompile>
    <ClCompile Include="WONSocket\NetStats.cpp">
      <Filter>WONSocket\WONSocket Source</Filter>
    </ClCompile>
    <ClCompile Include="WONSocket\QueueSocket.cpp">
      <Filter>WONSocket\WONSocket Source</Filter>
    </ClCompile>
    <ClCompile Include="WONSocket\RecvBytesFromOp.cpp">
      <Filter>WONSocket\WONSocket Source</Filter>
    </ClCompile>
    <ClCompile Include="WONSocket\RecvBytesOp.cpp">
      <Filter>WONSocket\WONSocket Source</Filter>
    </ClCompile>
    <ClCompile Include="WONSocket\RecvCRMsgOp.cpp">
      <Filter>WONSocket\WONSocket Source</Filter>
    </ClCompile>
    <ClCompile Include="WONSocket\RecvMsgOp.cpp">
      <Filter>WONSocket\WONSocket Source</Filter>
    </ClCompile>
    <ClCompile Include="WONSocket\RecvSomeBytesOp.cpp">
      <Filter>WONSocket\WONSocket Source</Filter>
    </ClCompile>
    <ClCompile Include="WONSocket\SendBytesOp.cpp">
      <Filter>WONSocket\WONSocket Source</Filter>
    </ClCompile>
    <ClCompile Include="WONSocket\SendBytesToOp.cpp">
      <Filter>WONSocket\WONSocket Source</Filter>
    </ClCompile>
    <ClCompile Include="WONSocket\SendFileOp.cpp">
      <Filter>WONSocket\WONSocket Source</Filter>
    </ClCompile>
    <ClCompile Include="WONSocket\SendMsgOp.cpp">
      <Filter>WONSocket\WONSocket Source</Filter>
    </ClCompile>
    <ClCompile Include="WONSocket\Socket.cpp">
      <Filter>WONSocket\WONSocket Source</Filter>
    </ClCompile>
    <ClCompile Include="WONSocket\SocketOp.cpp">
      <Filter>WONSocket\WONSocket Source</Filter>
    </ClCompile>
    <ClCompile Include="WONSocket\SocketThread.cpp">
      <Filter>WONSocket\WONSocket Source</Filter>
    </ClCompile>
    <ClCompile Include="WONSocket\SocketThreadEx.cpp">
      <Filter>WONSocket\WONSocket Source</Filter>
    </ClCompile>
    <ClCompile Include="WONSocket\SocketThreadEx_Linux.cpp">
      <Filter>WONSocket\WONSocket Source</Filter>
    </ClCompile>
    <ClCompile Include="WONSocket\SocketThreadEx_Windows.cpp">
      <Filter>WONSocket\WONSocket Source</Filter>
    </ClCompile>
    <ClCompile Include="WONSocket\SocketThreadSimple.cpp">
      <Filter>WONSocket\WONSocket Source</Filter>
    </ClCompile>
    <ClCompile Include="WONSocket\SocketThreadWinsock2.cpp">
      <Filter>WONSocket\WONSocket Source</Filter>
    </ClCompile>
    <ClCompile Include="WONSocket\UDPManager.cpp">
      <Filter>WONSocket\WONSocket Source</Filter>
    </ClCompile>
    <ClCompile Include="WONAPI.cpp" />
    <ClCompile Include="WONStatus.cpp" />
    <ClCompile Include="WONTypes.cpp" />
  </ItemGroup>
  <ItemGroup>
    <ClInclude Include="WONAuth\Auth2Certificate.h">
      <Filter>WONAuth\WONAuth Include</Filter>
    </ClInclude>
    <ClInclude Include="WONAuth\AuthBase.h">
      <Filter>WONAuth\WONAuth Include</Filter>
    </ClInclude>
    <ClInclude Include="WONAuth\AuthCertificate.h">
      <Filter>WONAuth\WONAuth Include</Filter>
    </ClInclude>
    <ClInclude Include="WONAuth\AuthCertificateBase.h">
      <Filter>WONAuth\WONAuth Include</Filter>
    </ClInclude>
    <ClInclude Include="WONAuth\AuthContext.h">
      <Filter>WONAuth\WONAuth Include</Filter>
    </ClInclude>
    <ClInclude Include="WONAuth\AuthPeerData.h">
      <Filter>WONAuth\WONAuth Include</Filter>
    </ClInclude>
    <ClInclude Include="WONAuth\AuthPubKeyBlock.h">
      <Filter>WONAuth\WONAuth Include</Filter>
    </ClInclude>
    <ClInclude Include="WONAuth\AuthSession.h">
      <Filter>WONAuth\WONAuth Include</Filter>
    </ClInclude>
    <ClInclude Include="WONAuth\CDKey.h">
      <Filter>WONAuth\WONAuth Include</Filter>
    </ClInclude>
    <ClInclude Include="WONAuth\CryptTransform.h">
      <Filter>WONAuth\WONAuth Include</Filter>
    </ClInclude>
    <ClInclude Include="WONAuth\GetCertOp.h">
      <Filter>WONAuth\WONAuth Include</Filter>
    </ClInclude>
    <ClInclude Include="WONAuth\PeerAuthClient.h">
      <Filter>WONAuth\WONAuth Include</Filter>
    </ClInclude>
    <ClInclude Include="WONAuth\PeerAuthOp.h">
      <Filter>WONAuth\WONAuth Include</Filter>
    </ClInclude>
    <ClInclude Include="WONAuth\PeerAuthServer.h">
      <Filter>WONAuth\WONAuth Include</Filter>
    </ClInclude>
    <ClInclude Include="WONAuth\PeerAuthServerOp.h">
      <Filter>WONAuth\WONAuth Include</Filter>
    </ClInclude>
    <ClInclude Include="WONAuth\SPAuthCheck.h">
      <Filter>WONAuth\WONAuth Include</Filter>
    </ClInclude>
    <ClInclude Include="WONCommon\AsyncOp.h">
      <Filter>WONCommon\WONCommon Include</Filter>
    </ClInclude>
    <ClInclude Include="WONCommon\AsyncOpContainer.h">
      <Filter>WONCommon\WONCommon Include</Filter>
    </ClInclude>
    <ClInclude Include="WONCommon\AsyncOpTracker.h">
      <Filter>WONCommon\WONCommon Include</Filter>
    </ClInclude>
    <ClInclude Include="WONCommon\BiMap.h">
      <Filter>WONCommon\WONCommon Include</Filter>
    </ClInclude>
    <ClInclude Include="WONCommon\ByteBuffer.h">
      <Filter>WONCommon\WONCommon Include</Filter>
    </ClInclude>
    <ClInclude Include="WONCommon\Completion.h">
      <Filter>WONCommon\WONCommon Include</Filter>
    </ClInclude>
    <ClInclude Include="WONCommon\CRC.h">
      <Filter>WONCommon\WONCommon Include</Filter>
    </ClInclude>
    <ClInclude Include="WONCommon\CriticalSection.h">
      <Filter>WONCommon\WONCommon Include</Filter>
    </ClInclude>
    <ClInclude Include="WONCommon\CriticalSection_Linux.h">
      <Filter>WONCommon\WONCommon Include</Filter>
    </ClInclude>
    <ClInclude Include="WONCommon\CriticalSection_Mac.h">
      <Filter>WONCommon\WONCommon Include</Filter>
    </ClInclude>
    <ClInclude Include="WONCommon\CriticalSection_Windows.h">
      <Filter>WONCommon\WONCommon Include</Filter>
    </ClInclude>
    <ClInclude Include="WONCommon\Event.h">
      <Filter>WONCommon\WONCommon Include</Filter>
    </ClInclude>
    <ClInclude Include="WONCommon\Event_Linux.h">
      <Filter>WONCommon\WONCommon Include</Filter>
    </ClInclude>
    <ClInclude Include="WONCommon\Event_Mac.h">
      <Filter>WONCommon\WONCommon Include</Filter>
    </ClInclude>
    <ClInclude Include="WONCommon\Event_Windows.h">
      <Filter>WONCommon\WONCommon Include</Filter>
    </ClInclude>
    <ClInclude Include="WONCommon\FileReader.h">
      <Filter>WONCommon\WONCommon Include</Filter>
    </ClInclude>
    <ClInclude Include="WONCommon\FileWriter.h">
      <Filter>WONCommon\WONCommon Include</Filter>
    </ClInclude>
    <ClInclude Include="WONCommon\LittleEndian.h">
      <Filter>WONCommon\WONCommon Include</Filter>
    </ClInclude>
    <ClInclude Include="WONCommon\Md5.h">
      <Filter>WONCommon\WONCommon Include</Filter>
    </ClInclude>
    <ClInclude Include="WONCommon\MiscUtil.h">
      <Filter>WONCommon\WONCommon Include</Filter>
    </ClInclude>
    <ClInclude Include="WONCommon\PerfTimer.h">
      <Filter>WONCommon\WONCommon Include</Filter>
    </ClInclude>
    <ClInclude Include="WONCommon\Platform.h">
      <Filter>WONCommon\WONCommon Include</Filter>
    </ClInclude>
    <ClInclude Include="WONCommon\Platform_Linux.h">
      <Filter>WONCommon\WONCommon Include</Filter>
    </ClInclude>
    <ClInclude Include="WONCommon\Platform_Mac.h">
      <Filter>WONCommon\WONCommon Include</Filter>
    </ClInclude>
    <ClInclude Include="WONCommon\Platform_Windows.h">
      <Filter>WONCommon\WONCommon Include</Filter>
    </ClInclude>
    <ClInclude Include="WONCommon\ReadBuffer.h">
      <Filter>WONCommon\WONCommon Include</Filter>
    </ClInclude>
    <ClInclude Include="WONCommon\RegKey.h">
      <Filter>WONCommon\WONCommon Include</Filter>
    </ClInclude>
    <ClInclude Include="WONCommon\RegKey_Windows.h">
      <Filter>WONCommon\WONCommon Include</Filter>
    </ClInclude>
    <ClInclude Include="WONCommon\SmartPtr.h">
      <Filter>WONCommon\WONCommon Include</Filter>
    </ClInclude>
    <ClInclude Include="WONCommon\StringParser.h">
      <Filter>WONCommon\WONCommon Include</Filter>
    </ClInclude>
    <ClInclude Include="WONCommon\StringUtil.h">
      <Filter>WONCommon\WONCommon Include</Filter>
    </ClInclude>
    <ClInclude Include="WONCommon\Thread.h">
      <Filter>WONCommon\WONCommon Include</Filter>
    </ClInclude>
    <ClInclude Include="WONCommon\Thread_Linux.h">
      <Filter>WONCommon\WONCommon Include</Filter>
    </ClInclude>
    <ClInclude Include="WONCommon\Thread_Mac.h">
      <Filter>WONCommon\WONCommon Include</Filter>
    </ClInclude>
    <ClInclude Include="WONCommon\Thread_Windows.h">
      <Filter>WONCommon\WONCommon Include</Filter>
    </ClInclude>
    <ClInclude Include="WONCommon\TimerThread.h">
      <Filter>WONCommon\WONCommon Include</Filter>
    </ClInclude>
    <ClInclude Include="WONCommon\WONBigFile.h">
      <Filter>WONCommon\WONCommon Include</Filter>
    </ClInclude>
    <ClInclude Include="WONCommon\WONConsole.h">
      <Filter>WONCommon\WONCommon Include</Filter>
    </ClInclude>
    <ClInclude Include="WONCommon\WONDebug.h">
      <Filter>WONCommon\WONCommon Include</Filter>
    </ClInclude>
    <ClInclude Include="WONCommon\WONFile.h">
      <Filter>WONCommon\WONCommon Include</Filter>
    </ClInclude>
    <ClInclude Include="WONCommon\WriteBuffer.h">
      <Filter>WONCommon\WONCommon Include</Filter>
    </ClInclude>
    <ClInclude Include="WONConfig\ConfigObject.h">
      <Filter>WONConfig\WONConfig Include</Filter>
    </ClInclude>
    <ClInclude Include="WONConfig\ConfigParser.h">
      <Filter>WONConfig\WONConfig Include</Filter>
    </ClInclude>
    <ClInclude Include="WONConfig\ConfigValue.h">
      <Filter>WONConfig\WONConfig Include</Filter>
    </ClInclude>
    <ClInclude Include="WONCrypt\BigInteger.h">
      <Filter>WONCrypt\WONCrypt Include</Filter>
    </ClInclude>
    <ClInclude Include="WONCrypt\Blowfish.h">
      <Filter>WONCrypt\WONCrypt Include</Filter>
    </ClInclude>
    <ClInclude Include="WONCrypt\ElGamal.h">
      <Filter>WONCrypt\WONCrypt Include</Filter>
    </ClInclude>
    <ClInclude Include="WONCrypt\MD5Digest.h">
      <Filter>WONCrypt\WONCrypt Include</Filter>
    </ClInclude>
    <ClInclude Include="WONCrypt\Random.h">
      <Filter>WONCrypt\WONCrypt Include</Filter>
    </ClInclude>
    <ClInclude Include="WONDB\ContestCallOp.h">
      <Filter>WONDB\WONDB Include</Filter>
    </ClInclude>
    <ClInclude Include="WONDB\CreateAccountOp.h">
      <Filter>WONDB\WONDB Include</Filter>
    </ClInclude>
    <ClInclude Include="WONDB\DBProxyOp.h">
      <Filter>WONDB\WONDB Include</Filter>
    </ClInclude>
    <ClInclude Include="WONDB\EventReportOp.h">
      <Filter>WONDB\WONDB Include</Filter>
    </ClInclude>
    <ClInclude Include="WONDB\GetAccountOp.h">
      <Filter>WONDB\WONDB Include</Filter>
    </ClInclude>
    <ClInclude Include="WONDB\GetProfileOp.h">
      <Filter>WONDB\WONDB Include</Filter>
    </ClInclude>
    <ClInclude Include="WONDB\GetUserIdFromNameOp.h">
      <Filter>WONDB\WONDB Include</Filter>
    </ClInclude>
    <ClInclude Include="WONDB\ProfileData.h">
      <Filter>WONDB\WONDB Include</Filter>
    </ClInclude>
    <ClInclude Include="WONDB\RequestAccountInfoEmailOp.h">
      <Filter>WONDB\WONDB Include</Filter>
    </ClInclude>
    <ClInclude Include="WONDB\RequestPasswordEmailOp.h">
      <Filter>WONDB\WONDB Include</Filter>
    </ClInclude>
    <ClInclude Include="WONDB\SetProfileOp.h">
      <Filter>WONDB\WONDB Include</Filter>
    </ClInclude>
    <ClInclude Include="WONDB\UpdateAccountOp.h">
      <Filter>WONDB\WONDB Include</Filter>
    </ClInclude>
    <ClInclude Include="WONDir\AddEntityOp.h">
      <Filter>WONDir\WONDir Include</Filter>
    </ClInclude>
    <ClInclude Include="WONDir\DirEntity.h">
      <Filter>WONDir\WONDir Include</Filter>
    </ClInclude>
    <ClInclude Include="WONDir\DirEntityReplyParser.h">
      <Filter>WONDir\WONDir Include</Filter>
    </ClInclude>
    <ClInclude Include="WONDir\DirTypes.h">
      <Filter>WONDir\WONDir Include</Filter>
    </ClInclude>
    <ClInclude Include="WONDir\EntityClearDataObjectsOp.h">
      <Filter>WONDir\WONDir Include</Filter>
    </ClInclude>
    <ClInclude Include="WONDir\EntityModifyDataObjectsOp.h">
      <Filter>WONDir\WONDir Include</Filter>
    </ClInclude>
    <ClInclude Include="WONDir\EntitySetDataObjectsOp.h">
      <Filter>WONDir\WONDir Include</Filter>
    </ClInclude>
    <ClInclude Include="WONDir\FindEntityOp.h">
      <Filter>WONDir\WONDir Include</Filter>
    </ClInclude>
    <ClInclude Include="WONDir\GetAliasDirOp.h">
      <Filter>WONDir\WONDir Include</Filter>
    </ClInclude>
    <ClInclude Include="WONDir\GetDirOp.h">
      <Filter>WONDir\WONDir Include</Filter>
    </ClInclude>
    <ClInclude Include="WONDir\GetEntityRequest.h">
      <Filter>WONDir\WONDir Include</Filter>
    </ClInclude>
    <ClInclude Include="WONDir\GetMultiDirOp.h">
      <Filter>WONDir\WONDir Include</Filter>
    </ClInclude>
    <ClInclude Include="WONDir\GetServiceOp.h">
      <Filter>WONDir\WONDir Include</Filter>
    </ClInclude>
    <ClInclude Include="WONDir\ModifyEntityOp.h">
      <Filter>WONDir\WONDir Include</Filter>
    </ClInclude>
    <ClInclude Include="WONDir\RemoveEntityOp.h">
      <Filter>WONDir\WONDir Include</Filter>
    </ClInclude>
    <ClInclude Include="WONDir\RenameEntityOp.h">
      <Filter>WONDir\WONDir Include</Filter>
    </ClInclude>
    <ClInclude Include="WONDir\RenewEntityOp.h">
      <Filter>WONDir\WONDir Include</Filter>
    </ClInclude>
    <ClInclude Include="WONMisc\CheckValidVersionOp.h">
      <Filter>WONMisc\WONMisc Include</Filter>
    </ClInclude>
    <ClInclude Include="WONMisc\DetectFirewallOp.h">
      <Filter>WONMisc\WONMisc Include</Filter>
    </ClInclude>
    <ClInclude Include="WONMisc\DNSTestOp.h">
      <Filter>WONMisc\WONMisc Include</Filter>
    </ClInclude>
    <ClInclude Include="WONMisc\FTPGetOp.h">
      <Filter>WONMisc\WONMisc Include</Filter>
    </ClInclude>
    <ClInclude Include="WONMisc\GameSpySupport.h">
      <Filter>WONMisc\WONMisc Include</Filter>
    </ClInclude>
    <ClInclude Include="WONMisc\GetHTTPDocumentOp.h">
      <Filter>WONMisc\WONMisc Include</Filter>
    </ClInclude>
    <ClInclude Include="WONMisc\GetMOTDOp.h">
      <Filter>WONMisc\WONMisc Include</Filter>
    </ClInclude>
    <ClInclude Include="WONMisc\GetPatchListOp.h">
      <Filter>WONMisc\WONMisc Include</Filter>
    </ClInclude>
    <ClInclude Include="WONMisc\gqueryreporting.h">
      <Filter>WONMisc\WONMisc Include</Filter>
    </ClInclude>
    <ClInclude Include="WONMisc\HTTPCache.h">
      <Filter>WONMisc\WONMisc Include</Filter>
    </ClInclude>
    <ClInclude Include="WONMisc\HTTPEngine.h">
      <Filter>WONMisc\WONMisc Include</Filter>
    </ClInclude>
    <ClInclude Include="WONMisc\HTTPGetOp.h">
      <Filter>WONMisc\WONMisc Include</Filter>
    </ClInclude>
    <ClInclude Include="WONMisc\MediaMetrix.h">
      <Filter>WONMisc\WONMisc Include</Filter>
    </ClInclude>
    <ClInclude Include="WONMisc\nonport.h">
      <Filter>WONMisc\WONMisc Include</Filter>
    </ClInclude>
    <ClInclude Include="WONMisc\PatchTypes.h">
      <Filter>WONMisc\WONMisc Include</Filter>
    </ClInclude>
    <ClInclude Include="WONMisc\PingManager.h">
      <Filter>WONMisc\WONMisc Include</Filter>
    </ClInclude>
    <ClInclude Include="WONMisc\ReportPatchStatusOp.h">
      <Filter>WONMisc\WONMisc Include</Filter>
    </ClInclude>
    <ClInclude Include="WONMisc\URL.h">
      <Filter>WONMisc\WONMisc Include</Filter>
    </ClInclude>
    <ClInclude Include="WONRouting\AllRoutingOps.h">
      <Filter>WONRouting</Filter>
    </ClInclude>
    <ClInclude Include="WONRouting\RoutingConnection.h">
      <Filter>WONRouting</Filter>
    </ClInclude>
    <ClInclude Include="WONRouting\RoutingDerivedServerOp.h">
      <Filter>WONRouting</Filter>
    </ClInclude>
    <ClInclude Include="WONRouting\RoutingOp.h">
      <Filter>WONRouting</Filter>
    </ClInclude>
    <ClInclude Include="WONRouting\RoutingTypes.h">
      <Filter>WONRouting</Filter>
    </ClInclude>
    <ClInclude Include="WONRouting\SmartRoutingConnection.h">
      <Filter>WONRouting</Filter>
    </ClInclude>
    <ClInclude Include="WONRouting\RoutingAbortServShutdownOp.h">
      <Filter>WONRouting\RS Administrative\RS Administrative Include</Filter>
    </ClInclude>
    <ClInclude Include="WONRouting\RoutingBanClientOp.h">
      <Filter>WONRouting\RS Administrative\RS Administrative Include</Filter>
    </ClInclude>
    <ClInclude Include="WONRouting\RoutingBecomeModeratorOp.h">
      <Filter>WONRouting\RS Administrative\RS Administrative Include</Filter>
    </ClInclude>
    <ClInclude Include="WONRouting\RoutingGetBadUserListOp.h">
      <Filter>WONRouting\RS Administrative\RS Administrative Include</Filter>
    </ClInclude>
    <ClInclude Include="WONRouting\RoutingMuteClientOp.h">
      <Filter>WONRouting\RS Administrative\RS Administrative Include</Filter>
    </ClInclude>
    <ClInclude Include="WONRouting\RoutingSendServerAlertOp.h">
      <Filter>WONRouting\RS Administrative\RS Administrative Include</Filter>
    </ClInclude>
    <ClInclude Include="WONRouting\RoutingServerAlertOp.h">
      <Filter>WONRouting\RS Administrative\RS Administrative Include</Filter>
    </ClInclude>
    <ClInclude Include="WONRouting\RoutingServShutdownAbortOp.h">
      <Filter>WONRouting\RS Administrative\RS Administrative Include</Filter>
    </ClInclude>
    <ClInclude Include="WONRouting\RoutingServShutdownStartOp.h">
      <Filter>WONRouting\RS Administrative\RS Administrative Include</Filter>
    </ClInclude>
    <ClInclude Include="WONRouting\RoutingStartServShutdownOp.h">
      <Filter>WONRouting\RS Administrative\RS Administrative Include</Filter>
    </ClInclude>
    <ClInclude Include="WONRouting\RoutingYouWereBannedOp.h">
      <Filter>WONRouting\RS Administrative\RS Administrative Include</Filter>
    </ClInclude>
    <ClInclude Include="WONRouting\RoutingYouWereMutedOp.h">
      <Filter>WONRouting\RS Administrative\RS Administrative Include</Filter>
    </ClInclude>
    <ClInclude Include="WONRouting\RoutingClientFlagsChangedOp.h">
      <Filter>WONRouting\RS Client\RS Client Include</Filter>
    </ClInclude>
    <ClInclude Include="WONRouting\RoutingClientJoinedServerOp.h">
      <Filter>WONRouting\RS Client\RS Client Include</Filter>
    </ClInclude>
    <ClInclude Include="WONRouting\RoutingClientLeftServerOp.h">
      <Filter>WONRouting\RS Client\RS Client Include</Filter>
    </ClInclude>
    <ClInclude Include="WONRouting\RoutingDetectFirewallOp.h">
      <Filter>WONRouting\RS Client\RS Client Include</Filter>
    </ClInclude>
    <ClInclude Include="WONRouting\RoutingDisconnectClientOp.h">
      <Filter>WONRouting\RS Client\RS Client Include</Filter>
    </ClInclude>
    <ClInclude Include="WONRouting\RoutingGetClientListOp.h">
      <Filter>WONRouting\RS Client\RS Client Include</Filter>
    </ClInclude>
    <ClInclude Include="WONRouting\RoutingGetUserStatusOp.h">
      <Filter>WONRouting\RS Client\RS Client Include</Filter>
    </ClInclude>
    <ClInclude Include="WONRouting\RoutingPeerChatOp.h">
      <Filter>WONRouting\RS Client\RS Client Include</Filter>
    </ClInclude>
    <ClInclude Include="WONRouting\RoutingPeerDataOp.h">
      <Filter>WONRouting\RS Client\RS Client Include</Filter>
    </ClInclude>
    <ClInclude Include="WONRouting\RoutingRegisterClientOp.h">
      <Filter>WONRouting\RS Client\RS Client Include</Filter>
    </ClInclude>
    <ClInclude Include="WONRouting\RoutingSendChatOp.h">
      <Filter>WONRouting\RS Client\RS Client Include</Filter>
    </ClInclude>
    <ClInclude Include="WONRouting\RoutingSendComplaintOp.h">
      <Filter>WONRouting\RS Client\RS Client Include</Filter>
    </ClInclude>
    <ClInclude Include="WONRouting\RoutingSendDataOp.h">
      <Filter>WONRouting\RS Client\RS Client Include</Filter>
    </ClInclude>
    <ClInclude Include="WONRouting\RoutingSetClientFlagsOp.h">
      <Filter>WONRouting\RS Client\RS Client Include</Filter>
    </ClInclude>
    <ClInclude Include="WONRouting\RoutingCreateDataObjectOp.h">
      <Filter>WONRouting\RS DataObject\RS DataObject Include</Filter>
    </ClInclude>
    <ClInclude Include="WONRouting\RoutingDataObjectCreatedOp.h">
      <Filter>WONRouting\RS DataObject\RS DataObject Include</Filter>
    </ClInclude>
    <ClInclude Include="WONRouting\RoutingDataObjectDeletedOp.h">
      <Filter>WONRouting\RS DataObject\RS DataObject Include</Filter>
    </ClInclude>
    <ClInclude Include="WONRouting\RoutingDataObjectModifiedOp.h">
      <Filter>WONRouting\RS DataObject\RS DataObject Include</Filter>
    </ClInclude>
    <ClInclude Include="WONRouting\RoutingDeleteDataObjectOp.h">
      <Filter>WONRouting\RS DataObject\RS DataObject Include</Filter>
    </ClInclude>
    <ClInclude Include="WONRouting\RoutingModifyDataObjectOp.h">
      <Filter>WONRouting\RS DataObject\RS DataObject Include</Filter>
    </ClInclude>
    <ClInclude Include="WONRouting\RoutingReadDataObjectOp.h">
      <Filter>WONRouting\RS DataObject\RS DataObject Include</Filter>
    </ClInclude>
    <ClInclude Include="WONRouting\RoutingUnsubDataObjectOp.h">
      <Filter>WONRouting\RS DataObject\RS DataObject Include</Filter>
    </ClInclude>
    <ClInclude Include="WONRouting\RoutingAcceptClientOp.h">
      <Filter>WONRouting\RS Group\RS Group Include</Filter>
    </ClInclude>
    <ClInclude Include="WONRouting\RoutingCancelJoinGroupOp.h">
      <Filter>WONRouting\RS Group\RS Group Include</Filter>
    </ClInclude>
    <ClInclude Include="WONRouting\RoutingClientJoinedGroupOp.h">
      <Filter>WONRouting\RS Group\RS Group Include</Filter>
    </ClInclude>
    <ClInclude Include="WONRouting\RoutingClientLeftGroupOp.h">
      <Filter>WONRouting\RS Group\RS Group Include</Filter>
    </ClInclude>
    <ClInclude Include="WONRouting\RoutingCreateGroupOp.h">
      <Filter>WONRouting\RS Group\RS Group Include</Filter>
    </ClInclude>
    <ClInclude Include="WONRouting\RoutingGetGroupListOp.h">
      <Filter>WONRouting\RS Group\RS Group Include</Filter>
    </ClInclude>
    <ClInclude Include="WONRouting\RoutingGetGroupListReqOp.h">
      <Filter>WONRouting\RS Group\RS Group Include</Filter>
    </ClInclude>
    <ClInclude Include="WONRouting\RoutingGetMembersOfGroupOp.h">
      <Filter>WONRouting\RS Group\RS Group Include</Filter>
    </ClInclude>
    <ClInclude Include="WONRouting\RoutingGroupCaptChangedOp.h">
      <Filter>WONRouting\RS Group\RS Group Include</Filter>
    </ClInclude>
    <ClInclude Include="WONRouting\RoutingGroupCreatedOp.h">
      <Filter>WONRouting\RS Group\RS Group Include</Filter>
    </ClInclude>
    <ClInclude Include="WONRouting\RoutingGroupDeletedOp.h">
      <Filter>WONRouting\RS Group\RS Group Include</Filter>
    </ClInclude>
    <ClInclude Include="WONRouting\RoutingGroupFlagsChangedOp.h">
      <Filter>WONRouting\RS Group\RS Group Include</Filter>
    </ClInclude>
    <ClInclude Include="WONRouting\RoutingGroupInvitationOp.h">
      <Filter>WONRouting\RS Group\RS Group Include</Filter>
    </ClInclude>
    <ClInclude Include="WONRouting\RoutingGroupJoinAttemptOp.h">
      <Filter>WONRouting\RS Group\RS Group Include</Filter>
    </ClInclude>
    <ClInclude Include="WONRouting\RoutingGroupMPlyrsChangedOp.h">
      <Filter>WONRouting\RS Group\RS Group Include</Filter>
    </ClInclude>
    <ClInclude Include="WONRouting\RoutingGroupNameChangedOp.h">
      <Filter>WONRouting\RS Group\RS Group Include</Filter>
    </ClInclude>
    <ClInclude Include="WONRouting\RoutingGroupObserverCountOp.h">
      <Filter>WONRouting\RS Group\RS Group Include</Filter>
    </ClInclude>
    <ClInclude Include="WONRouting\RoutingInviteClientOp.h">
      <Filter>WONRouting\RS Group\RS Group Include</Filter>
    </ClInclude>
    <ClInclude Include="WONRouting\RoutingJoinGroupOp.h">
      <Filter>WONRouting\RS Group\RS Group Include</Filter>
    </ClInclude>
    <ClInclude Include="WONRouting\RoutingLeaveGroupOp.h">
      <Filter>WONRouting\RS Group\RS Group Include</Filter>
    </ClInclude>
    <ClInclude Include="WONRouting\RoutingMemberFlagsChangedOp.h">
      <Filter>WONRouting\RS Group\RS Group Include</Filter>
    </ClInclude>
    <ClInclude Include="WONRouting\RoutingRelinquishCaptainOp.h">
      <Filter>WONRouting\RS Group\RS Group Include</Filter>
    </ClInclude>
    <ClInclude Include="WONRouting\RoutingSetGroupFlagsOp.h">
      <Filter>WONRouting\RS Group\RS Group Include</Filter>
    </ClInclude>
    <ClInclude Include="WONRouting\RoutingSetGroupMaxPlayersOp.h">
      <Filter>WONRouting\RS Group\RS Group Include</Filter>
    </ClInclude>
    <ClInclude Include="WONRouting\RoutingSetGroupNameOp.h">
      <Filter>WONRouting\RS Group\RS Group Include</Filter>
    </ClInclude>
    <ClInclude Include="WONRouting\RoutingSetGroupPasswordOp.h">
      <Filter>WONRouting\RS Group\RS Group Include</Filter>
    </ClInclude>
    <ClInclude Include="WONServer\MultiPingOp.h">
      <Filter>WONServer\WONServer Include</Filter>
    </ClInclude>
    <ClInclude Include="WONServer\PingOp.h">
      <Filter>WONServer\WONServer Include</Filter>
    </ClInclude>
    <ClInclude Include="WONServer\ServerConnection.h">
      <Filter>WONServer\WONServer Include</Filter>
    </ClInclude>
    <ClInclude Include="WONServer\ServerContext.h">
      <Filter>WONServer\WONServer Include</Filter>
    </ClInclude>
    <ClInclude Include="WONServer\ServerOp.h">
      <Filter>WONServer\WONServer Include</Filter>
    </ClInclude>
    <ClInclude Include="WONServer\ServerRequestOp.h">
      <Filter>WONServer\WONServer Include</Filter>
    </ClInclude>
    <ClInclude Include="WONSocket\AcceptOp.h">
      <Filter>WONSocket\WONSocket Include</Filter>
    </ClInclude>
    <ClInclude Include="WONSocket\AsyncSocket.h">
      <Filter>WONSocket\WONSocket Include</Filter>
    </ClInclude>
    <ClInclude Include="WONSocket\BlockingSocket.h">
      <Filter>WONSocket\WONSocket Include</Filter>
    </ClInclude>
    <ClInclude Include="WONSocket\CloseOp.h">
      <Filter>WONSocket\WONSocket Include</Filter>
    </ClInclude>
    <ClInclude Include="WONSocket\ConnectOp.h">
      <Filter>WONSocket\WONSocket Include</Filter>
    </ClInclude>
    <ClInclude Include="WONSocket\IPAddr.h">
      <Filter>WONSocket\WONSocket Include</Filter>
    </ClInclude>
    <ClInclude Include="WONSocket\NetStats.h">
      <Filter>WONSocket\WONSocket Include</Filter>
    </ClInclude>
    <ClInclude Include="WONSocket\QueueSocket.h">
      <Filter>WONSocket\WONSocket Include</Filter>
    </ClInclude>
    <ClInclude Include="WONSocket\RecvBytesFromOp.h">
      <Filter>WONSocket\WONSocket Include</Filter>
    </ClInclude>
    <ClInclude Include="WONSocket\RecvBytesOp.h">
      <Filter>WONSocket\WONSocket Include</Filter>
    </ClInclude>
    <ClInclude Include="WONSocket\RecvCRMsgOp.h">
      <Filter>WONSocket\WONSocket Include</Filter>
    </ClInclude>
    <ClInclude Include="WONSocket\RecvMsgOp.h">
      <Filter>WONSocket\WONSocket Include</Filter>
    </ClInclude>
    <ClInclude Include="WONSocket\RecvSomeBytesOp.h">
      <Filter>WONSocket\WONSocket Include</Filter>
    </ClInclude>
    <ClInclude Include="WONSocket\SendBytesOp.h">
      <Filter>WONSocket\WONSocket Include</Filter>
    </ClInclude>
    <ClInclude Include="WONSocket\SendBytesToOp.h">
      <Filter>WONSocket\WONSocket Include</Filter>
    </ClInclude>
    <ClInclude Include="WONSocket\SendFileOp.h">
      <Filter>WONSocket\WONSocket Include</Filter>
    </ClInclude>
    <ClInclude Include="WONSocket\SendMsgOp.h">
      <Filter>WONSocket\WONSocket Include</Filter>
    </ClInclude>
    <ClInclude Include="WONSocket\SocketOp.h">
      <Filter>WONSocket\WONSocket Include</Filter>
    </ClInclude>
    <ClInclude Include="WONSocket\SocketThread.h">
      <Filter>WONSocket\WONSocket Include</Filter>
    </ClInclude>
    <ClInclude Include="WONSocket\SocketThreadEx.h">
      <Filter>WONSocket\WONSocket Include</Filter>
    </ClInclude>
    <ClInclude Include="WONSocket\SocketThreadEx_Linux.h">
      <Filter>WONSocket\WONSocket Include</Filter>
    </ClInclude>
    <ClInclude Include="WONSocket\SocketThreadEx_Windows.h">
      <Filter>WONSocket\WONSocket Include</Filter>
    </ClInclude>
    <ClInclude Include="WONSocket\SocketThreadSimple.h">
      <Filter>WONSocket\WONSocket Include</Filter>
    </ClInclude>
    <ClInclude Include="WONSocket\SocketThreadWinsock2.h">
      <Filter>WONSocket\WONSocket Include</Filter>
    </ClInclude>
    <ClInclude Include="WONSocket\UDPManager.h">
      <Filter>WONSocket\WONSocket Include</Filter>
    </ClInclude>
    <ClInclude Include="WONAPI.h" />
    <ClInclude Include="WONAPIAll.h" />
    <ClInclude Include="WONShared.h" />
    <ClInclude Include="WONSharedCustom.h" />
    <ClInclude Include="WONStatus.h" />
    <ClInclude Include="WONTypes.h" />
  </ItemGroup>
</Project>